
Microsoft Visual Studio Solution File, Format Version 12.00
# Visual Studio Version 17
VisualStudioVersion = 17.5.33530.505
MinimumVisualStudioVersion = 10.0.40219.1
Project("{9A19103F-16F7-4668-BE54-9A1E7A4F7556}") = "PlayerVsMonster", "PlayerVsMonster\PlayerVsMonster.csproj", "{B35B5652-7E93-415E-81BC-634C47E8AB99}"
EndProject
Project("{FAE04EC0-301F-11D3-BF4B-00C04F79EFBC}") = "PlayerVsMonster.AcceptanceTesting", "PlayerVsMonster.AcceptanceTesting\PlayerVsMonster.AcceptanceTesting.csproj", "{B2D025CD-DB6E-492D-B3AE-302F79F56C0F}"
EndProject
Global
	GlobalSection(SolutionConfigurationPlatforms) = preSolution
		Debug|Any CPU = Debug|Any CPU
		Release|Any CPU = Release|Any CPU
	EndGlobalSection
	GlobalSection(ProjectConfigurationPlatforms) = postSolution
		{B35B5652-7E93-415E-81BC-634C47E8AB99}.Debug|Any CPU.ActiveCfg = Debug|Any CPU
		{B35B5652-7E93-415E-81BC-634C47E8AB99}.Debug|Any CPU.Build.0 = Debug|Any CPU
		{B35B5652-7E93-415E-81BC-634C47E8AB99}.Release|Any CPU.ActiveCfg = Release|Any CPU
		{B35B5652-7E93-415E-81BC-634C47E8AB99}.Release|Any CPU.Build.0 = Release|Any CPU
		{B2D025CD-DB6E-492D-B3AE-302F79F56C0F}.Debug|Any CPU.ActiveCfg = Debug|Any CPU
		{B2D025CD-DB6E-492D-B3AE-302F79F56C0F}.Debug|Any CPU.Build.0 = Debug|Any CPU
		{B2D025CD-DB6E-492D-B3AE-302F79F56C0F}.Release|Any CPU.ActiveCfg = Release|Any CPU
		{B2D025CD-DB6E-492D-B3AE-302F79F56C0F}.Release|Any CPU.Build.0 = Release|Any CPU
	EndGlobalSection
	GlobalSection(SolutionProperties) = preSolution
		HideSolutionNode = FALSE
	EndGlobalSection
	GlobalSection(ExtensibilityGlobals) = postSolution
		SolutionGuid = {259AD3D6-AC13-43BE-ADE3-C19AA9045F61}
	EndGlobalSection
EndGlobal
